{
  "name": "@acegalaxy-co/voice-gateway",
  "version": "0.1.0",
  "lockfileVersion": 3,
  "requires": true,
  "packages": {
    "": {
      "name": "@acegalaxy-co/voice-gateway",
      "version": "0.1.0",
      "license": "UNLICENSED",
      "dependencies": {
        "@acegalaxy-co/security-utils": "file:../ace_commons-security-utils-nodejs"
      },
      "engines": {
        "node": ">=18"
      }
    },
    "../ace_commons-security-utils-nodejs": {
      "name": "@acegalaxy-co/security-utils",
      "version": "0.2.0",
      "license": "UNLICENSED",
      "engines": {
        "node": ">=18"
      }
    },
    "node_modules/@acegalaxy-co/security-utils": {
      "resolved": "../ace_commons-security-utils-nodejs",
      "link": true
    }
  }
}
